
Microsoft Visual Studio Solution File, Format Version 12.00
# Visual Studio Version 16
VisualStudioVersion = 16.0.29905.134
MinimumVisualStudioVersion = 10.0.40219.1
Project("{FAE04EC0-301F-11D3-BF4B-00C04F79EFBC}") = "Assignment 218", "Assignment 218\Assignment 218.csproj", "{0395FE41-6E52-46DA-BB6B-B74E62E82B11}"
EndProject
Global
	GlobalSection(SolutionConfigurationPlatforms) = preSolution
		Debug|Any CPU = Debug|Any CPU
		Release|Any CPU = Release|Any CPU
	EndGlobalSection
	GlobalSection(ProjectConfigurationPlatforms) = postSolution
		{0395FE41-6E52-46DA-BB6B-B74E62E82B11}.Debug|Any CPU.ActiveCfg = Debug|Any CPU
		{0395FE41-6E52-46DA-BB6B-B74E62E82B11}.Debug|Any CPU.Build.0 = Debug|Any CPU
		{0395FE41-6E52-46DA-BB6B-B74E62E82B11}.Release|Any CPU.ActiveCfg = Release|Any CPU
		{0395FE41-6E52-46DA-BB6B-B74E62E82B11}.Release|Any CPU.Build.0 = Release|Any CPU
	EndGlobalSection
	GlobalSection(SolutionProperties) = preSolution
		HideSolutionNode = FALSE
	EndGlobalSection
	GlobalSection(ExtensibilityGlobals) = postSolution
		SolutionGuid = {D693CF04-6466-4EF1-8AB8-932182FF8240}
	EndGlobalSection
EndGlobal
